
Microsoft Visual Studio Solution File, Format Version 12.00
# Visual Studio 15
VisualStudioVersion = 15.0.27130.2027
MinimumVisualStudioVersion = 10.0.40219.1
Project("{FAE04EC0-301F-11D3-BF4B-00C04F79EFBC}") = "Common", "Common\Common.csproj", "{4145227E-5FD6-442C-AE45-BC1D54E13A5C}"
EndProject
Project("{FAE04EC0-301F-11D3-BF4B-00C04F79EFBC}") = "Skill", "Skill\Skill.csproj", "{892484D4-6A38-42A7-8680-08C518BABDBC}"
EndProject
Project("{FAE04EC0-301F-11D3-BF4B-00C04F79EFBC}") = "Client", "Client\Client.csproj", "{93A1C2F8-FE5B-435B-801D-D7845DCA7160}"
EndProject
Global
	GlobalSection(SolutionConfigurationPlatforms) = preSolution
		Debug|Any CPU = Debug|Any CPU
		Release|Any CPU = Release|Any CPU
	EndGlobalSection
	GlobalSection(ProjectConfigurationPlatforms) = postSolution
		{4145227E-5FD6-442C-AE45-BC1D54E13A5C}.Debug|Any CPU.ActiveCfg = Debug|Any CPU
		{4145227E-5FD6-442C-AE45-BC1D54E13A5C}.Debug|Any CPU.Build.0 = Debug|Any CPU
		{4145227E-5FD6-442C-AE45-BC1D54E13A5C}.Release|Any CPU.ActiveCfg = Release|Any CPU
		{4145227E-5FD6-442C-AE45-BC1D54E13A5C}.Release|Any CPU.Build.0 = Release|Any CPU
		{892484D4-6A38-42A7-8680-08C518BABDBC}.Debug|Any CPU.ActiveCfg = Debug|Any CPU
		{892484D4-6A38-42A7-8680-08C518BABDBC}.Debug|Any CPU.Build.0 = Debug|Any CPU
		{892484D4-6A38-42A7-8680-08C518BABDBC}.Release|Any CPU.ActiveCfg = Release|Any CPU
		{892484D4-6A38-42A7-8680-08C518BABDBC}.Release|Any CPU.Build.0 = Release|Any CPU
		{93A1C2F8-FE5B-435B-801D-D7845DCA7160}.Debug|Any CPU.ActiveCfg = Debug|Any CPU
		{93A1C2F8-FE5B-435B-801D-D7845DCA7160}.Debug|Any CPU.Build.0 = Debug|Any CPU
		{93A1C2F8-FE5B-435B-801D-D7845DCA7160}.Release|Any CPU.ActiveCfg = Release|Any CPU
		{93A1C2F8-FE5B-435B-801D-D7845DCA7160}.Release|Any CPU.Build.0 = Release|Any CPU
	EndGlobalSection
	GlobalSection(SolutionProperties) = preSolution
		HideSolutionNode = FALSE
	EndGlobalSection
	GlobalSection(ExtensibilityGlobals) = postSolution
		SolutionGuid = {9B8F8280-4B31-499F-9879-C58C10D713CE}
	EndGlobalSection
EndGlobal
